
Microsoft Visual Studio Solution File, Format Version 12.00
# Visual Studio Version 17
VisualStudioVersion = 17.11.35312.102
MinimumVisualStudioVersion = 10.0.40219.1
Project("{FAE04EC0-301F-11D3-BF4B-00C04F79EFBC}") = "ConsoleApp1", "ConsoleApp1\ConsoleApp1.csproj", "{A84CF1D1-1EDF-4012-9DF2-234A2A7B0135}"
EndProject
Project("{FAE04EC0-301F-11D3-BF4B-00C04F79EFBC}") = "ConsoleApp2", "ConsoleApp2\ConsoleApp2.csproj", "{CFD39FE0-44AB-438E-84AC-00E702D2A07B}"
EndProject
Global
	GlobalSection(SolutionConfigurationPlatforms) = preSolution
		Debug|Any CPU = Debug|Any CPU
		Release|Any CPU = Release|Any CPU
	EndGlobalSection
	GlobalSection(ProjectConfigurationPlatforms) = postSolution
		{A84CF1D1-1EDF-4012-9DF2-234A2A7B0135}.Debug|Any CPU.ActiveCfg = Debug|Any CPU
		{A84CF1D1-1EDF-4012-9DF2-234A2A7B0135}.Debug|Any CPU.Build.0 = Debug|Any CPU
		{A84CF1D1-1EDF-4012-9DF2-234A2A7B0135}.Release|Any CPU.ActiveCfg = Release|Any CPU
		{A84CF1D1-1EDF-4012-9DF2-234A2A7B0135}.Release|Any CPU.Build.0 = Release|Any CPU
		{CFD39FE0-44AB-438E-84AC-00E702D2A07B}.Debug|Any CPU.ActiveCfg = Debug|Any CPU
		{CFD39FE0-44AB-438E-84AC-00E702D2A07B}.Debug|Any CPU.Build.0 = Debug|Any CPU
		{CFD39FE0-44AB-438E-84AC-00E702D2A07B}.Release|Any CPU.ActiveCfg = Release|Any CPU
		{CFD39FE0-44AB-438E-84AC-00E702D2A07B}.Release|Any CPU.Build.0 = Release|Any CPU
	EndGlobalSection
	GlobalSection(SolutionProperties) = preSolution
		HideSolutionNode = FALSE
	EndGlobalSection
	GlobalSection(ExtensibilityGlobals) = postSolution
		SolutionGuid = {622AF52A-3AD1-46FB-935C-B05B0376CEA3}
	EndGlobalSection
EndGlobal
